
Microsoft Visual Studio Solution File, Format Version 12.00
Project("{FAE04EC0-301F-11D3-BF4B-00C04F79EFBC}") = "Fuel.Consumption.Api", "Fuel.Consumption.Api\Fuel.Consumption.Api.csproj", "{AB3B9A43-6D43-4D69-B688-D7A2B30FAFB7}"
EndProject
Project("{FAE04EC0-301F-11D3-BF4B-00C04F79EFBC}") = "Fuel.Consumption.Domain", "Fuel.Consumption.Domain\Fuel.Consumption.Domain.csproj", "{A99F979C-D84C-4508-B30B-5AFB6866399E}"
EndProject
Project("{FAE04EC0-301F-11D3-BF4B-00C04F79EFBC}") = "Fuel.Consumption.Infrastructure", "Fuel.Consumption.Infrastructure\Fuel.Consumption.Infrastructure.csproj", "{59376A71-FD40-4C31-9FE9-7E63F0C776D9}"
EndProject
Project("{FAE04EC0-301F-11D3-BF4B-00C04F79EFBC}") = "Fuel.Consumption.Ui.Old", "Fuel.Consumption.Ui.Old\Fuel.Consumption.Ui.Old.csproj", "{327EE07B-1118-4D63-BB8B-151414112884}"
EndProject
Project("{FAE04EC0-301F-11D3-BF4B-00C04F79EFBC}") = "Fuel.Consumption.Test", "Fuel.Consumption.Test\Fuel.Consumption.Test.csproj", "{4D93CF39-966C-4258-A8A5-CD79BFAA3F67}"
EndProject
Global
	GlobalSection(SolutionConfigurationPlatforms) = preSolution
		Debug|Any CPU = Debug|Any CPU
		Release|Any CPU = Release|Any CPU
	EndGlobalSection
	GlobalSection(ProjectConfigurationPlatforms) = postSolution
		{AB3B9A43-6D43-4D69-B688-D7A2B30FAFB7}.Debug|Any CPU.ActiveCfg = Debug|Any CPU
		{AB3B9A43-6D43-4D69-B688-D7A2B30FAFB7}.Debug|Any CPU.Build.0 = Debug|Any CPU
		{AB3B9A43-6D43-4D69-B688-D7A2B30FAFB7}.Release|Any CPU.ActiveCfg = Release|Any CPU
		{AB3B9A43-6D43-4D69-B688-D7A2B30FAFB7}.Release|Any CPU.Build.0 = Release|Any CPU
		{A99F979C-D84C-4508-B30B-5AFB6866399E}.Debug|Any CPU.ActiveCfg = Debug|Any CPU
		{A99F979C-D84C-4508-B30B-5AFB6866399E}.Debug|Any CPU.Build.0 = Debug|Any CPU
		{A99F979C-D84C-4508-B30B-5AFB6866399E}.Release|Any CPU.ActiveCfg = Release|Any CPU
		{A99F979C-D84C-4508-B30B-5AFB6866399E}.Release|Any CPU.Build.0 = Release|Any CPU
		{59376A71-FD40-4C31-9FE9-7E63F0C776D9}.Debug|Any CPU.ActiveCfg = Debug|Any CPU
		{59376A71-FD40-4C31-9FE9-7E63F0C776D9}.Debug|Any CPU.Build.0 = Debug|Any CPU
		{59376A71-FD40-4C31-9FE9-7E63F0C776D9}.Release|Any CPU.ActiveCfg = Release|Any CPU
		{59376A71-FD40-4C31-9FE9-7E63F0C776D9}.Release|Any CPU.Build.0 = Release|Any CPU
		{327EE07B-1118-4D63-BB8B-151414112884}.Debug|Any CPU.ActiveCfg = Debug|Any CPU
		{327EE07B-1118-4D63-BB8B-151414112884}.Debug|Any CPU.Build.0 = Debug|Any CPU
		{327EE07B-1118-4D63-BB8B-151414112884}.Release|Any CPU.ActiveCfg = Release|Any CPU
		{327EE07B-1118-4D63-BB8B-151414112884}.Release|Any CPU.Build.0 = Release|Any CPU
		{4D93CF39-966C-4258-A8A5-CD79BFAA3F67}.Debug|Any CPU.ActiveCfg = Debug|Any CPU
		{4D93CF39-966C-4258-A8A5-CD79BFAA3F67}.Debug|Any CPU.Build.0 = Debug|Any CPU
		{4D93CF39-966C-4258-A8A5-CD79BFAA3F67}.Release|Any CPU.ActiveCfg = Release|Any CPU
		{4D93CF39-966C-4258-A8A5-CD79BFAA3F67}.Release|Any CPU.Build.0 = Release|Any CPU
	EndGlobalSection
EndGlobal
